
Microsoft Visual Studio Solution File, Format Version 12.00
# Visual Studio 2012
Project("{FAE04EC0-301F-11D3-BF4B-00C04F79EFBC}") = "SmartArray_EH_Test", "SmartArray_EH_Test.csproj", "{BD57E4DF-69C4-4F2F-ACFD-7B8582E14809}"
EndProject
Global
	GlobalSection(SolutionConfigurationPlatforms) = preSolution
		Debug|Any CPU = Debug|Any CPU
		Release|Any CPU = Release|Any CPU
	EndGlobalSection
	GlobalSection(ProjectConfigurationPlatforms) = postSolution
		{BD57E4DF-69C4-4F2F-ACFD-7B8582E14809}.Debug|Any CPU.ActiveCfg = Debug|Any CPU
		{BD57E4DF-69C4-4F2F-ACFD-7B8582E14809}.Debug|Any CPU.Build.0 = Debug|Any CPU
		{BD57E4DF-69C4-4F2F-ACFD-7B8582E14809}.Release|Any CPU.ActiveCfg = Release|Any CPU
		{BD57E4DF-69C4-4F2F-ACFD-7B8582E14809}.Release|Any CPU.Build.0 = Release|Any CPU
	EndGlobalSection
EndGlobal
